
Microsoft Visual Studio Solution File, Format Version 12.00
# Visual Studio Version 17
VisualStudioVersion = 17.5.002.0
MinimumVisualStudioVersion = 10.0.40219.1
Project("{9A19103F-16F7-4668-BE54-9A1E7A4F7556}") = "InformacijosSaugumas2", "InformacijosSaugumas2.csproj", "{6E902A83-8C7D-4D02-B305-1392A8EE42DE}"
EndProject
Global
	GlobalSection(SolutionConfigurationPlatforms) = preSolution
		Debug|Any CPU = Debug|Any CPU
		Release|Any CPU = Release|Any CPU
	EndGlobalSection
	GlobalSection(ProjectConfigurationPlatforms) = postSolution
		{6E902A83-8C7D-4D02-B305-1392A8EE42DE}.Debug|Any CPU.ActiveCfg = Debug|Any CPU
		{6E902A83-8C7D-4D02-B305-1392A8EE42DE}.Debug|Any CPU.Build.0 = Debug|Any CPU
		{6E902A83-8C7D-4D02-B305-1392A8EE42DE}.Release|Any CPU.ActiveCfg = Release|Any CPU
		{6E902A83-8C7D-4D02-B305-1392A8EE42DE}.Release|Any CPU.Build.0 = Release|Any CPU
	EndGlobalSection
	GlobalSection(SolutionProperties) = preSolution
		HideSolutionNode = FALSE
	EndGlobalSection
	GlobalSection(ExtensibilityGlobals) = postSolution
		SolutionGuid = {C59A24AB-8A31-4E9D-B818-943C22E50F55}
	EndGlobalSection
EndGlobal
